// !$*UTF8*$!
{
	archiveVersion = 1;
	classes = {
	};
	objectVersion = 55;
	objects = {

/* Begin PBXBuildFile section */
		B8218A6E2806AF8A003D36D8 /* AppDelegate.swift in Sources */ = {isa = PBXBuildFile; fileRef = B8218A6D2806AF8A003D36D8 /* AppDelegate.swift */; };
		B8218A702806AF8A003D36D8 /* SceneDelegate.swift in Sources */ = {isa = PBXBuildFile; fileRef = B8218A6F2806AF8A003D36D8 /* SceneDelegate.swift */; };
		B8218A752806AF8A003D36D8 /* Main.storyboard in Resources */ = {isa = PBXBuildFile; fileRef = B8218A732806AF8A003D36D8 /* Main.storyboard */; };
		B8218A782806AF8A003D36D8 /* github_MostStared.xcdatamodeld in Sources */ = {isa = PBXBuildFile; fileRef = B8218A762806AF8A003D36D8 /* github_MostStared.xcdatamodeld */; };
		B8218A7A2806AF8E003D36D8 /* Assets.xcassets in Resources */ = {isa = PBXBuildFile; fileRef = B8218A792806AF8E003D36D8 /* Assets.xcassets */; };
		B8218A7D2806AF8E003D36D8 /* LaunchScreen.storyboard in Resources */ = {isa = PBXBuildFile; fileRef = B8218A7B2806AF8E003D36D8 /* LaunchScreen.storyboard */; };
		B8218A852806B168003D36D8 /* MostStaredVC.swift in Sources */ = {isa = PBXBuildFile; fileRef = B8218A842806B168003D36D8 /* MostStaredVC.swift */; };
		B8218A872806B29F003D36D8 /* RepositoriesModel.swift in Sources */ = {isa = PBXBuildFile; fileRef = B8218A862806B29F003D36D8 /* RepositoriesModel.swift */; };
		B8218A8F2806B409003D36D8 /* RepositoryCell.swift in Sources */ = {isa = PBXBuildFile; fileRef = B8218A8D2806B409003D36D8 /* RepositoryCell.swift */; };
		B8218A902806B409003D36D8 /* RepositoryCell.xib in Resources */ = {isa = PBXBuildFile; fileRef = B8218A8E2806B409003D36D8 /* RepositoryCell.xib */; };
		B8218A932806B641003D36D8 /* APIService.swift in Sources */ = {isa = PBXBuildFile; fileRef = B8218A922806B641003D36D8 /* APIService.swift */; };
		B8218A972807705B003D36D8 /* Extentions.swift in Sources */ = {isa = PBXBuildFile; fileRef = B8218A962807705B003D36D8 /* Extentions.swift */; };
		B8222591281352F0006D1D11 /* ReposVM.swift in Sources */ = {isa = PBXBuildFile; fileRef = B8222590281352F0006D1D11 /* ReposVM.swift */; };
		F39CEC922B5F147A27390B61 /* Pods_github_MostStared.framework in Frameworks */ = {isa = PBXBuildFile; fileRef = B5B53965C7993B7262947535 /* Pods_github_MostStared.framework */; };
/* End PBXBuildFile section */

/* Begin PBXFileReference section */
		90F050B4588690521F8A6A5A /* Pods-github_MostStared.debug.xcconfig */ = {isa = PBXFileReference; includeInIndex = 1; lastKnownFileType = text.xcconfig; name = "Pods-github_MostStared.debug.xcconfig"; path = "Target Support Files/Pods-github_MostStared/Pods-github_MostStared.debug.xcconfig"; sourceTree = "<group>"; };
		973B9F3FF2999E5A852EE4D8 /* Pods-github_MostStared.release.xcconfig */ = {isa = PBXFileReference; includeInIndex = 1; lastKnownFileType = text.xcconfig; name = "Pods-github_MostStared.release.xcconfig"; path = "Target Support Files/Pods-github_MostStared/Pods-github_MostStared.release.xcconfig"; sourceTree = "<group>"; };
		B5B53965C7993B7262947535 /* Pods_github_MostStared.framework */ = {isa = PBXFileReference; explicitFileType = wrapper.framework; includeInIndex = 0; path = Pods_github_MostStared.framework; sourceTree = BUILT_PRODUCTS_DIR; };
		B8218A6A2806AF8A003D36D8 /* github_MostStared.app */ = {isa = PBXFileReference; explicitFileType = wrapper.application; includeInIndex = 0; path = github_MostStared.app; sourceTree = BUILT_PRODUCTS_DIR; };
		B8218A6D2806AF8A003D36D8 /* AppDelegate.swift */ = {isa = PBXFileReference; lastKnownFileType = sourcecode.swift; path = AppDelegate.swift; sourceTree = "<group>"; };
		B8218A6F2806AF8A003D36D8 /* SceneDelegate.swift */ = {isa = PBXFileReference; lastKnownFileType = sourcecode.swift; path = SceneDelegate.swift; sourceTree = "<group>"; };
		B8218A742806AF8A003D36D8 /* Base */ = {isa = PBXFileReference; lastKnownFileType = file.storyboard; name = Base; path = Base.lproj/Main.storyboard; sourceTree = "<group>"; };
		B8218A772806AF8A003D36D8 /* github_MostStared.xcdatamodel */ = {isa = PBXFileReference; lastKnownFileType = wrapper.xcdatamodel; path = github_MostStared.xcdatamodel; sourceTree = "<group>"; };
		B8218A792806AF8E003D36D8 /* Assets.xcassets */ = {isa = PBXFileReference; lastKnownFileType = folder.assetcatalog; path = Assets.xcassets; sourceTree = "<group>"; };
		B8218A7C2806AF8E003D36D8 /* Base */ = {isa = PBXFileReference; lastKnownFileType = file.storyboard; name = Base; path = Base.lproj/LaunchScreen.storyboard; sourceTree = "<group>"; };
		B8218A7E2806AF8E003D36D8 /* Info.plist */ = {isa = PBXFileReference; lastKnownFileType = text.plist.xml; path = Info.plist; sourceTree = "<group>"; };
		B8218A842806B168003D36D8 /* MostStaredVC.swift */ = {isa = PBXFileReference; lastKnownFileType = sourcecode.swift; path = MostStaredVC.swift; sourceTree = "<group>"; };
		B8218A862806B29F003D36D8 /* RepositoriesModel.swift */ = {isa = PBXFileReference; lastKnownFileType = sourcecode.swift; path = RepositoriesModel.swift; sourceTree = "<group>"; };
		B8218A8D2806B409003D36D8 /* RepositoryCell.swift */ = {isa = PBXFileReference; lastKnownFileType = sourcecode.swift; path = RepositoryCell.swift; sourceTree = "<group>"; };
		B8218A8E2806B409003D36D8 /* RepositoryCell.xib */ = {isa = PBXFileReference; lastKnownFileType = file.xib; path = RepositoryCell.xib; sourceTree = "<group>"; };
		B8218A922806B641003D36D8 /* APIService.swift */ = {isa = PBXFileReference; lastKnownFileType = sourcecode.swift; path = APIService.swift; sourceTree = "<group>"; };
		B8218A962807705B003D36D8 /* Extentions.swift */ = {isa = PBXFileReference; lastKnownFileType = sourcecode.swift; path = Extentions.swift; sourceTree = "<group>"; };
		B8222590281352F0006D1D11 /* ReposVM.swift */ = {isa = PBXFileReference; lastKnownFileType = sourcecode.swift; path = ReposVM.swift; sourceTree = "<group>"; };
/* End PBXFileReference section */

/* Begin PBXFrameworksBuildPhase section */
		B8218A672806AF8A003D36D8 /* Frameworks */ = {
			isa = PBXFrameworksBuildPhase;
			buildActionMask = 2147483647;
			files = (
				F39CEC922B5F147A27390B61 /* Pods_github_MostStared.framework in Frameworks */,
			);
			runOnlyForDeploymentPostprocessing = 0;
		};
/* End PBXFrameworksBuildPhase section */

/* Begin PBXGroup section */
		69AA59692A8C3D6EB5583BAA /* Frameworks */ = {
			isa = PBXGroup;
			children = (
				B5B53965C7993B7262947535 /* Pods_github_MostStared.framework */,
			);
			name = Frameworks;
			sourceTree = "<group>";
		};
		A22A00E3E1EB080FB4ACFFD2 /* Pods */ = {
			isa = PBXGroup;
			children = (
				90F050B4588690521F8A6A5A /* Pods-github_MostStared.debug.xcconfig */,
				973B9F3FF2999E5A852EE4D8 /* Pods-github_MostStared.release.xcconfig */,
			);
			path = Pods;
			sourceTree = "<group>";
		};
		B8218A612806AF8A003D36D8 = {
			isa = PBXGroup;
			children = (
				B8218A6C2806AF8A003D36D8 /* github_MostStared */,
				B8218A6B2806AF8A003D36D8 /* Products */,
				A22A00E3E1EB080FB4ACFFD2 /* Pods */,
				69AA59692A8C3D6EB5583BAA /* Frameworks */,
			);
			sourceTree = "<group>";
		};
		B8218A6B2806AF8A003D36D8 /* Products */ = {
			isa = PBXGroup;
			children = (
				B8218A6A2806AF8A003D36D8 /* github_MostStared.app */,
			);
			name = Products;
			sourceTree = "<group>";
		};
		B8218A6C2806AF8A003D36D8 /* github_MostStared */ = {
			isa = PBXGroup;
			children = (
				B8222592281367E1006D1D11 /* Models */,
				B822259328136813006D1D11 /* Views */,
				B822258F281352CF006D1D11 /* ViewModels */,
				B8218A912806B619003D36D8 /* services */,
				B82225942813698D006D1D11 /* Extentions */,
				B82225952813699E006D1D11 /* Core */,
				B8218A732806AF8A003D36D8 /* Main.storyboard */,
				B8218A792806AF8E003D36D8 /* Assets.xcassets */,
				B8218A7B2806AF8E003D36D8 /* LaunchScreen.storyboard */,
				B8218A7E2806AF8E003D36D8 /* Info.plist */,
				B8218A762806AF8A003D36D8 /* github_MostStared.xcdatamodeld */,
			);
			path = github_MostStared;
			sourceTree = "<group>";
		};
		B8218A882806B3B2003D36D8 /* cells */ = {
			isa = PBXGroup;
			children = (
				B8218A8D2806B409003D36D8 /* RepositoryCell.swift */,
				B8218A8E2806B409003D36D8 /* RepositoryCell.xib */,
			);
			path = cells;
			sourceTree = "<group>";
		};
		B8218A912806B619003D36D8 /* services */ = {
			isa = PBXGroup;
			children = (
				B8218A922806B641003D36D8 /* APIService.swift */,
			);
			path = services;
			sourceTree = "<group>";
		};
		B822258F281352CF006D1D11 /* ViewModels */ = {
			isa = PBXGroup;
			children = (
				B8222590281352F0006D1D11 /* ReposVM.swift */,
			);
			path = ViewModels;
			sourceTree = "<group>";
		};
		B8222592281367E1006D1D11 /* Models */ = {
			isa = PBXGroup;
			children = (
				B8218A862806B29F003D36D8 /* RepositoriesModel.swift */,
			);
			path = Models;
			sourceTree = "<group>";
		};
		B822259328136813006D1D11 /* Views */ = {
			isa = PBXGroup;
			children = (
				B8218A882806B3B2003D36D8 /* cells */,
				B8218A842806B168003D36D8 /* MostStaredVC.swift */,
			);
			path = Views;
			sourceTree = "<group>";
		};
		B82225942813698D006D1D11 /* Extentions */ = {
			isa = PBXGroup;
			children = (
				B8218A962807705B003D36D8 /* Extentions.swift */,
			);
			path = Extentions;
			sourceTree = "<group>";
		};
		B82225952813699E006D1D11 /* Core */ = {
			isa = PBXGroup;
			children = (
				B8218A6D2806AF8A003D36D8 /* AppDelegate.swift */,
				B8218A6F2806AF8A003D36D8 /* SceneDelegate.swift */,
			);
			path = Core;
			sourceTree = "<group>";
		};
/* End PBXGroup section */

/* Begin PBXNativeTarget section */
		B8218A692806AF8A003D36D8 /* github_MostStared */ = {
			isa = PBXNativeTarget;
			buildConfigurationList = B8218A812806AF8E003D36D8 /* Build configuration list for PBXNativeTarget "github_MostStared" */;
			buildPhases = (
				7291D19FF2F1FEAE3885AC61 /* [CP] Check Pods Manifest.lock */,
				B8218A662806AF8A003D36D8 /* Sources */,
				B8218A672806AF8A003D36D8 /* Frameworks */,
				B8218A682806AF8A003D36D8 /* Resources */,
				125B968BEAB4B9E21CB850AD /* [CP] Embed Pods Frameworks */,
			);
			buildRules = (
			);
			dependencies = (
			);
			name = github_MostStared;
			productName = github_MostStared;
			productReference = B8218A6A2806AF8A003D36D8 /* github_MostStared.app */;
			productType = "com.apple.product-type.application";
		};
/* End PBXNativeTarget section */

/* Begin PBXProject section */
		B8218A622806AF8A003D36D8 /* Project object */ = {
			isa = PBXProject;
			attributes = {
				BuildIndependentTargetsInParallel = 1;
				LastSwiftUpdateCheck = 1320;
				LastUpgradeCheck = 1320;
				TargetAttributes = {
					B8218A692806AF8A003D36D8 = {
						CreatedOnToolsVersion = 13.2;
					};
				};
			};
			buildConfigurationList = B8218A652806AF8A003D36D8 /* Build configuration list for PBXProject "github_MostStared" */;
			compatibilityVersion = "Xcode 13.0";
			developmentRegion = en;
			hasScannedForEncodings = 0;
			knownRegions = (
				en,
				Base,
			);
			mainGroup = B8218A612806AF8A003D36D8;
			productRefGroup = B8218A6B2806AF8A003D36D8 /* Products */;
			projectDirPath = "";
			projectRoot = "";
			targets = (
				B8218A692806AF8A003D36D8 /* github_MostStared */,
			);
		};
/* End PBXProject section */

/* Begin PBXResourcesBuildPhase section */
		B8218A682806AF8A003D36D8 /* Resources */ = {
			isa = PBXResourcesBuildPhase;
			buildActionMask = 2147483647;
			files = (
				B8218A7D2806AF8E003D36D8 /* LaunchScreen.storyboard in Resources */,
				B8218A7A2806AF8E003D36D8 /* Assets.xcassets in Resources */,
				B8218A752806AF8A003D36D8 /* Main.storyboard in Resources */,
				B8218A902806B409003D36D8 /* RepositoryCell.xib in Resources */,
			);
			runOnlyForDeploymentPostprocessing = 0;
		};
/* End PBXResourcesBuildPhase section */

/* Begin PBXShellScriptBuildPhase section */
		125B968BEAB4B9E21CB850AD /* [CP] Embed Pods Frameworks */ = {
			isa = PBXShellScriptBuildPhase;
			buildActionMask = 2147483647;
			files = (
			);
			inputFileListPaths = (
				"${PODS_ROOT}/Target Support Files/Pods-github_MostStared/Pods-github_MostStared-frameworks-${CONFIGURATION}-input-files.xcfilelist",
			);
			name = "[CP] Embed Pods Frameworks";
			outputFileListPaths = (
				"${PODS_ROOT}/Target Support Files/Pods-github_MostStared/Pods-github_MostStared-frameworks-${CONFIGURATION}-output-files.xcfilelist",
			);
			runOnlyForDeploymentPostprocessing = 0;
			shellPath = /bin/sh;
			shellScript = "\"${PODS_ROOT}/Target Support Files/Pods-github_MostStared/Pods-github_MostStared-frameworks.sh\"\n";
			showEnvVarsInLog = 0;
		};
		7291D19FF2F1FEAE3885AC61 /* [CP] Check Pods Manifest.lock */ = {
			isa = PBXShellScriptBuildPhase;
			buildActionMask = 2147483647;
			files = (
			);
			inputFileListPaths = (
			);
			inputPaths = (
				"${PODS_PODFILE_DIR_PATH}/Podfile.lock",
				"${PODS_ROOT}/Manifest.lock",
			);
			name = "[CP] Check Pods Manifest.lock";
			outputFileListPaths = (
			);
			outputPaths = (
				"$(DERIVED_FILE_DIR)/Pods-github_MostStared-checkManifestLockResult.txt",
			);
			runOnlyForDeploymentPostprocessing = 0;
			shellPath = /bin/sh;
			shellScript = "diff \"${PODS_PODFILE_DIR_PATH}/Podfile.lock\" \"${PODS_ROOT}/Manifest.lock\" > /dev/null\nif [ $? != 0 ] ; then\n    # print error to STDERR\n    echo \"error: The sandbox is not in sync with the Podfile.lock. Run 'pod install' or update your CocoaPods installation.\" >&2\n    exit 1\nfi\n# This output is used by Xcode 'outputs' to avoid re-running this script phase.\necho \"SUCCESS\" > \"${SCRIPT_OUTPUT_FILE_0}\"\n";
			showEnvVarsInLog = 0;
		};
/* End PBXShellScriptBuildPhase section */

/* Begin PBXSourcesBuildPhase section */
		B8218A662806AF8A003D36D8 /* Sources */ = {
			isa = PBXSourcesBuildPhase;
			buildActionMask = 2147483647;
			files = (
				B8218A852806B168003D36D8 /* MostStaredVC.swift in Sources */,
				B8218A932806B641003D36D8 /* APIService.swift in Sources */,
				B8218A6E2806AF8A003D36D8 /* AppDelegate.swift in Sources */,
				B8222591281352F0006D1D11 /* ReposVM.swift in Sources */,
				B8218A782806AF8A003D36D8 /* github_MostStared.xcdatamodeld in Sources */,
				B8218A972807705B003D36D8 /* Extentions.swift in Sources */,
				B8218A8F2806B409003D36D8 /* RepositoryCell.swift in Sources */,
				B8218A702806AF8A003D36D8 /* SceneDelegate.swift in Sources */,
				B8218A872806B29F003D36D8 /* RepositoriesModel.swift in Sources */,
			);
			runOnlyForDeploymentPostprocessing = 0;
		};
/* End PBXSourcesBuildPhase section */

/* Begin PBXVariantGroup section */
		B8218A732806AF8A003D36D8 /* Main.storyboard */ = {
			isa = PBXVariantGroup;
			children = (
				B8218A742806AF8A003D36D8 /* Base */,
			);
			name = Main.storyboard;
			sourceTree = "<group>";
		};
		B8218A7B2806AF8E003D36D8 /* LaunchScreen.storyboard */ = {
			isa = PBXVariantGroup;
			children = (
				B8218A7C2806AF8E003D36D8 /* Base */,
			);
			name = LaunchScreen.storyboard;
			sourceTree = "<group>";
		};
/* End PBXVariantGroup section */

/* Begin XCBuildConfiguration section */
		B8218A7F2806AF8E003D36D8 /* Debug */ = {
			isa = XCBuildConfiguration;
			buildSettings = {
				ALWAYS_SEARCH_USER_PATHS = NO;
				CLANG_ANALYZER_NONNULL = YES;
				CLANG_ANALYZER_NUMBER_OBJECT_CONVERSION = YES_AGGRESSIVE;
				CLANG_CXX_LANGUAGE_STANDARD = "gnu++17";
				CLANG_CXX_LIBRARY = "libc++";
				CLANG_ENABLE_MODULES = YES;
				CLANG_ENABLE_OBJC_ARC = YES;
				CLANG_ENABLE_OBJC_WEAK = YES;
				CLANG_WARN_BLOCK_CAPTURE_AUTORELEASING = YES;
				CLANG_WARN_BOOL_CONVERSION = YES;
				CLANG_WARN_COMMA = YES;
				CLANG_WARN_CONSTANT_CONVERSION = YES;
				CLANG_WARN_DEPRECATED_OBJC_IMPLEMENTATIONS = YES;
				CLANG_WARN_DIRECT_OBJC_ISA_USAGE = YES_ERROR;
				CLANG_WARN_DOCUMENTATION_COMMENTS = YES;
				CLANG_WARN_EMPTY_BODY = YES;
				CLANG_WARN_ENUM_CONVERSION = YES;
				CLANG_WARN_INFINITE_RECURSION = YES;
				CLANG_WARN_INT_CONVERSION = YES;
				CLANG_WARN_NON_LITERAL_NULL_CONVERSION = YES;
				CLANG_WARN_OBJC_IMPLICIT_RETAIN_SELF = YES;
				CLANG_WARN_OBJC_LITERAL_CONVERSION = YES;
				CLANG_WARN_OBJC_ROOT_CLASS = YES_ERROR;
				CLANG_WARN_QUOTED_INCLUDE_IN_FRAMEWORK_HEADER = YES;
				CLANG_WARN_RANGE_LOOP_ANALYSIS = YES;
				CLANG_WARN_STRICT_PROTOTYPES = YES;
				CLANG_WARN_SUSPICIOUS_MOVE = YES;
				CLANG_WARN_UNGUARDED_AVAILABILITY = YES_AGGRESSIVE;
				CLANG_WARN_UNREACHABLE_CODE = YES;
				CLANG_WARN__DUPLICATE_METHOD_MATCH = YES;
				COPY_PHASE_STRIP = NO;
				DEBUG_INFORMATION_FORMAT = dwarf;
				ENABLE_STRICT_OBJC_MSGSEND = YES;
				ENABLE_TESTABILITY = YES;
				GCC_C_LANGUAGE_STANDARD = gnu11;
				GCC_DYNAMIC_NO_PIC = NO;
				GCC_NO_COMMON_BLOCKS = YES;
				GCC_OPTIMIZATION_LEVEL = 0;
				GCC_PREPROCESSOR_DEFINITIONS = (
					"DEBUG=1",
					"$(inherited)",
				);
				GCC_WARN_64_TO_32_BIT_CONVERSION = YES;
				GCC_WARN_ABOUT_RETURN_TYPE = YES_ERROR;
				GCC_WARN_UNDECLARED_SELECTOR = YES;
				GCC_WARN_UNINITIALIZED_AUTOS = YES_AGGRESSIVE;
				GCC_WARN_UNUSED_FUNCTION = YES;
				GCC_WARN_UNUSED_VARIABLE = YES;
				IPHONEOS_DEPLOYMENT_TARGET = 15.2;
				MTL_ENABLE_DEBUG_INFO = INCLUDE_SOURCE;
				MTL_FAST_MATH = YES;
				ONLY_ACTIVE_ARCH = YES;
				SDKROOT = iphoneos;
				SWIFT_ACTIVE_COMPILATION_CONDITIONS = DEBUG;
				SWIFT_OPTIMIZATION_LEVEL = "-Onone";
			};
			name = Debug;
		};
		B8218A802806AF8E003D36D8 /* Release */ = {
			isa = XCBuildConfiguration;
			buildSettings = {
				ALWAYS_SEARCH_USER_PATHS = NO;
				CLANG_ANALYZER_NONNULL = YES;
				CLANG_ANALYZER_NUMBER_OBJECT_CONVERSION = YES_AGGRESSIVE;
				CLANG_CXX_LANGUAGE_STANDARD = "gnu++17";
				CLANG_CXX_LIBRARY = "libc++";
				CLANG_ENABLE_MODULES = YES;
				CLANG_ENABLE_OBJC_ARC = YES;
				CLANG_ENABLE_OBJC_WEAK = YES;
				CLANG_WARN_BLOCK_CAPTURE_AUTORELEASING = YES;
				CLANG_WARN_BOOL_CONVERSION = YES;
				CLANG_WARN_COMMA = YES;
				CLANG_WARN_CONSTANT_CONVERSION = YES;
				CLANG_WARN_DEPRECATED_OBJC_IMPLEMENTATIONS = YES;
				CLANG_WARN_DIRECT_OBJC_ISA_USAGE = YES_ERROR;
				CLANG_WARN_DOCUMENTATION_COMMENTS = YES;
				CLANG_WARN_EMPTY_BODY = YES;
				CLANG_WARN_ENUM_CONVERSION = YES;
				CLANG_WARN_INFINITE_RECURSION = YES;
				CLANG_WARN_INT_CONVERSION = YES;
				CLANG_WARN_NON_LITERAL_NULL_CONVERSION = YES;
				CLANG_WARN_OBJC_IMPLICIT_RETAIN_SELF = YES;
				CLANG_WARN_OBJC_LITERAL_CONVERSION = YES;
				CLANG_WARN_OBJC_ROOT_CLASS = YES_ERROR;
				CLANG_WARN_QUOTED_INCLUDE_IN_FRAMEWORK_HEADER = YES;
				CLANG_WARN_RANGE_LOOP_ANALYSIS = YES;
				CLANG_WARN_STRICT_PROTOTYPES = YES;
				CLANG_WARN_SUSPICIOUS_MOVE = YES;
				CLANG_WARN_UNGUARDED_AVAILABILITY = YES_AGGRESSIVE;
				CLANG_WARN_UNREACHABLE_CODE = YES;
				CLANG_WARN__DUPLICATE_METHOD_MATCH = YES;
				COPY_PHASE_STRIP = NO;
				DEBUG_INFORMATION_FORMAT = "dwarf-with-dsym";
				ENABLE_NS_ASSERTIONS = NO;
				ENABLE_STRICT_OBJC_MSGSEND = YES;
				GCC_C_LANGUAGE_STANDARD = gnu11;
				GCC_NO_COMMON_BLOCKS = YES;
				GCC_WARN_64_TO_32_BIT_CONVERSION = YES;
				GCC_WARN_ABOUT_RETURN_TYPE = YES_ERROR;
				GCC_WARN_UNDECLARED_SELECTOR = YES;
				GCC_WARN_UNINITIALIZED_AUTOS = YES_AGGRESSIVE;
				GCC_WARN_UNUSED_FUNCTION = YES;
				GCC_WARN_UNUSED_VARIABLE = YES;
				IPHONEOS_DEPLOYMENT_TARGET = 15.2;
				MTL_ENABLE_DEBUG_INFO = NO;
				MTL_FAST_MATH = YES;
				SDKROOT = iphoneos;
				SWIFT_COMPILATION_MODE = wholemodule;
				SWIFT_OPTIMIZATION_LEVEL = "-O";
				VALIDATE_PRODUCT = YES;
			};
			name = Release;
		};
		B8218A822806AF8E003D36D8 /* Debug */ = {
			isa = XCBuildConfiguration;
			baseConfigurationReference = 90F050B4588690521F8A6A5A /* Pods-github_MostStared.debug.xcconfig */;
			buildSettings = {
				ASSETCATALOG_COMPILER_APPICON_NAME = AppIcon;
				ASSETCATALOG_COMPILER_GLOBAL_ACCENT_COLOR_NAME = AccentColor;
				CODE_SIGN_STYLE = Automatic;
				CURRENT_PROJECT_VERSION = 1;
				GENERATE_INFOPLIST_FILE = YES;
				INFOPLIST_FILE = github_MostStared/Info.plist;
				INFOPLIST_KEY_UIApplicationSupportsIndirectInputEvents = YES;
				INFOPLIST_KEY_UILaunchStoryboardName = LaunchScreen;
				INFOPLIST_KEY_UIMainStoryboardFile = Main;
				INFOPLIST_KEY_UISupportedInterfaceOrientations_iPad = "UIInterfaceOrientationPortrait UIInterfaceOrientationPortraitUpsideDown UIInterfaceOrientationLandscapeLeft UIInterfaceOrientationLandscapeRight";
				INFOPLIST_KEY_UISupportedInterfaceOrientations_iPhone = "UIInterfaceOrientationPortrait UIInterfaceOrientationLandscapeLeft UIInterfaceOrientationLandscapeRight";
				LD_RUNPATH_SEARCH_PATHS = (
					"$(inherited)",
					"@executable_path/Frameworks",
				);
				MARKETING_VERSION = 1.0;
				PRODUCT_BUNDLE_IDENTIFIER = "s.github-MostStared";
				PRODUCT_NAME = "$(TARGET_NAME)";
				SWIFT_EMIT_LOC_STRINGS = YES;
				SWIFT_VERSION = 5.0;
				TARGETED_DEVICE_FAMILY = "1,2";
			};
			name = Debug;
		};
		B8218A832806AF8E003D36D8 /* Release */ = {
			isa = XCBuildConfiguration;
			baseConfigurationReference = 973B9F3FF2999E5A852EE4D8 /* Pods-github_MostStared.release.xcconfig */;
			buildSettings = {
				ASSETCATALOG_COMPILER_APPICON_NAME = AppIcon;
				ASSETCATALOG_COMPILER_GLOBAL_ACCENT_COLOR_NAME = AccentColor;
				CODE_SIGN_STYLE = Automatic;
				CURRENT_PROJECT_VERSION = 1;
				GENERATE_INFOPLIST_FILE = YES;
				INFOPLIST_FILE = github_MostStared/Info.plist;
				INFOPLIST_KEY_UIApplicationSupportsIndirectInputEvents = YES;
				INFOPLIST_KEY_UILaunchStoryboardName = LaunchScreen;
				INFOPLIST_KEY_UIMainStoryboardFile = Main;
				INFOPLIST_KEY_UISupportedInterfaceOrientations_iPad = "UIInterfaceOrientationPortrait UIInterfaceOrientationPortraitUpsideDown UIInterfaceOrientationLandscapeLeft UIInterfaceOrientationLandscapeRight";
				INFOPLIST_KEY_UISupportedInterfaceOrientations_iPhone = "UIInterfaceOrientationPortrait UIInterfaceOrientationLandscapeLeft UIInterfaceOrientationLandscapeRight";
				LD_RUNPATH_SEARCH_PATHS = (
					"$(inherited)",
					"@executable_path/Frameworks",
				);
				MARKETING_VERSION = 1.0;
				PRODUCT_BUNDLE_IDENTIFIER = "s.github-MostStared";
				PRODUCT_NAME = "$(TARGET_NAME)";
				SWIFT_EMIT_LOC_STRINGS = YES;
				SWIFT_VERSION = 5.0;
				TARGETED_DEVICE_FAMILY = "1,2";
			};
			name = Release;
		};
/* End XCBuildConfiguration section */

/* Begin XCConfigurationList section */
		B8218A652806AF8A003D36D8 /* Build configuration list for PBXProject "github_MostStared" */ = {
			isa = XCConfigurationList;
			buildConfigurations = (
				B8218A7F2806AF8E003D36D8 /* Debug */,
				B8218A802806AF8E003D36D8 /* Release */,
			);
			defaultConfigurationIsVisible = 0;
			defaultConfigurationName = Release;
		};
		B8218A812806AF8E003D36D8 /* Build configuration list for PBXNativeTarget "github_MostStared" */ = {
			isa = XCConfigurationList;
			buildConfigurations = (
				B8218A822806AF8E003D36D8 /* Debug */,
				B8218A832806AF8E003D36D8 /* Release */,
			);
			defaultConfigurationIsVisible = 0;
			defaultConfigurationName = Release;
		};
/* End XCConfigurationList section */

/* Begin XCVersionGroup section */
		B8218A762806AF8A003D36D8 /* github_MostStared.xcdatamodeld */ = {
			isa = XCVersionGroup;
			children = (
				B8218A772806AF8A003D36D8 /* github_MostStared.xcdatamodel */,
			);
			currentVersion = B8218A772806AF8A003D36D8 /* github_MostStared.xcdatamodel */;
			path = github_MostStared.xcdatamodeld;
			sourceTree = "<group>";
			versionGroupType = wrapper.xcdatamodel;
		};
/* End XCVersionGroup section */
	};
	rootObject = B8218A622806AF8A003D36D8 /* Project object */;
}
